
Microsoft Visual Studio Solution File, Format Version 12.00
# Visual Studio Version 17
VisualStudioVersion = 17.7.34202.233
MinimumVisualStudioVersion = 10.0.40219.1
Project("{FAE04EC0-301F-11D3-BF4B-00C04F79EFBC}") = "Xadrez", "Xadrez\Xadrez.csproj", "{16500592-963C-42F0-A3E8-C7ECA9ABFF7A}"
EndProject
Global
	GlobalSection(SolutionConfigurationPlatforms) = preSolution
		Debug|Any CPU = Debug|Any CPU
		Release|Any CPU = Release|Any CPU
	EndGlobalSection
	GlobalSection(ProjectConfigurationPlatforms) = postSolution
		{16500592-963C-42F0-A3E8-C7ECA9ABFF7A}.Debug|Any CPU.ActiveCfg = Debug|Any CPU
		{16500592-963C-42F0-A3E8-C7ECA9ABFF7A}.Debug|Any CPU.Build.0 = Debug|Any CPU
		{16500592-963C-42F0-A3E8-C7ECA9ABFF7A}.Release|Any CPU.ActiveCfg = Release|Any CPU
		{16500592-963C-42F0-A3E8-C7ECA9ABFF7A}.Release|Any CPU.Build.0 = Release|Any CPU
	EndGlobalSection
	GlobalSection(SolutionProperties) = preSolution
		HideSolutionNode = FALSE
	EndGlobalSection
	GlobalSection(ExtensibilityGlobals) = postSolution
		SolutionGuid = {CEBDDF82-6E09-4736-B5A7-87CD5DA1379A}
	EndGlobalSection
EndGlobal
